
Microsoft Visual Studio Solution File, Format Version 12.00
Project("{FAE04EC0-301F-11D3-BF4B-00C04F79EFBC}") = "FF.CLI", "FF.CLI\FF.CLI.csproj", "{E46FD6D6-DDDB-46CA-A6F9-DE6F519F2C00}"
EndProject
Project("{FAE04EC0-301F-11D3-BF4B-00C04F79EFBC}") = "FriendlyFigures", "FriendlyFigures\FriendlyFigures.csproj", "{45426EAB-3D0C-4C8D-8D62-8DF8139D3982}"
EndProject
Global
	GlobalSection(SolutionConfigurationPlatforms) = preSolution
		Debug|Any CPU = Debug|Any CPU
		Release|Any CPU = Release|Any CPU
	EndGlobalSection
	GlobalSection(ProjectConfigurationPlatforms) = postSolution
		{E46FD6D6-DDDB-46CA-A6F9-DE6F519F2C00}.Debug|Any CPU.ActiveCfg = Debug|Any CPU
		{E46FD6D6-DDDB-46CA-A6F9-DE6F519F2C00}.Debug|Any CPU.Build.0 = Debug|Any CPU
		{E46FD6D6-DDDB-46CA-A6F9-DE6F519F2C00}.Release|Any CPU.ActiveCfg = Release|Any CPU
		{E46FD6D6-DDDB-46CA-A6F9-DE6F519F2C00}.Release|Any CPU.Build.0 = Release|Any CPU
		{45426EAB-3D0C-4C8D-8D62-8DF8139D3982}.Debug|Any CPU.ActiveCfg = Debug|Any CPU
		{45426EAB-3D0C-4C8D-8D62-8DF8139D3982}.Debug|Any CPU.Build.0 = Debug|Any CPU
		{45426EAB-3D0C-4C8D-8D62-8DF8139D3982}.Release|Any CPU.ActiveCfg = Release|Any CPU
		{45426EAB-3D0C-4C8D-8D62-8DF8139D3982}.Release|Any CPU.Build.0 = Release|Any CPU
	EndGlobalSection
EndGlobal
